// !$*UTF8*$!
{
	archiveVersion = 1;
	classes = {
	};
	objectVersion = 56;
	objects = {

/* Begin PBXBuildFile section */
		519AC8862AA4C9BA00630628 /* Grocery_App_SwiftUIApp.swift in Sources */ = {isa = PBXBuildFile; fileRef = 519AC8852AA4C9BA00630628 /* Grocery_App_SwiftUIApp.swift */; };
		519AC8882AA4C9BA00630628 /* ContentView.swift in Sources */ = {isa = PBXBuildFile; fileRef = 519AC8872AA4C9BA00630628 /* ContentView.swift */; };
		519AC88A2AA4C9C100630628 /* Assets.xcassets in Resources */ = {isa = PBXBuildFile; fileRef = 519AC8892AA4C9C100630628 /* Assets.xcassets */; };
		519AC88D2AA4C9C100630628 /* Preview Assets.xcassets in Resources */ = {isa = PBXBuildFile; fileRef = 519AC88C2AA4C9C100630628 /* Preview Assets.xcassets */; };
		519AC8972AA4CD0700630628 /* SplashScreen.swift in Sources */ = {isa = PBXBuildFile; fileRef = 519AC8962AA4CD0700630628 /* SplashScreen.swift */; };
		519AC8992AA4D33B00630628 /* SplashScreenView.swift in Sources */ = {isa = PBXBuildFile; fileRef = 519AC8982AA4D33B00630628 /* SplashScreenView.swift */; };
		519AC89B2AA4D35F00630628 /* SplashComponent.swift in Sources */ = {isa = PBXBuildFile; fileRef = 519AC89A2AA4D35E00630628 /* SplashComponent.swift */; };
		519AC89D2AA4D78000630628 /* StartButton.swift in Sources */ = {isa = PBXBuildFile; fileRef = 519AC89C2AA4D78000630628 /* StartButton.swift */; };
		519CCCE52AA8FA7F002CBE09 /* ForgotPasswordScreenView.swift in Sources */ = {isa = PBXBuildFile; fileRef = 519CCCE42AA8FA7F002CBE09 /* ForgotPasswordScreenView.swift */; };
		51AE80932AA85C25008C0A8F /* AuthSignupScreenView.swift in Sources */ = {isa = PBXBuildFile; fileRef = 51AE80922AA85C25008C0A8F /* AuthSignupScreenView.swift */; };
		51CE82282AB5E6560041E653 /* CountryCodes.swift in Sources */ = {isa = PBXBuildFile; fileRef = 51CE82272AB5E6560041E653 /* CountryCodes.swift */; };
		51CE822A2AB5E9D00041E653 /* CountryCodeComponent.swift in Sources */ = {isa = PBXBuildFile; fileRef = 51CE82292AB5E9CF0041E653 /* CountryCodeComponent.swift */; };
		51D90D4F2AB5E0F3005C145C /* VerifyNumberScreen.swift in Sources */ = {isa = PBXBuildFile; fileRef = 51D90D4E2AB5E0F3005C145C /* VerifyNumberScreen.swift */; };
		51EAD9592AA6C5B80082CAE1 /* WelcomeScreenView.swift in Sources */ = {isa = PBXBuildFile; fileRef = 51EAD9582AA6C5B80082CAE1 /* WelcomeScreenView.swift */; };
		51EAD95C2AA734710082CAE1 /* Extensions.swift in Sources */ = {isa = PBXBuildFile; fileRef = 51EAD95B2AA734710082CAE1 /* Extensions.swift */; };
		51EAD95E2AA74A900082CAE1 /* AuthLoginScreenView.swift in Sources */ = {isa = PBXBuildFile; fileRef = 51EAD95D2AA74A900082CAE1 /* AuthLoginScreenView.swift */; };
/* End PBXBuildFile section */

/* Begin PBXFileReference section */
		519AC8822AA4C9BA00630628 /* Grocery_App_SwiftUI.app */ = {isa = PBXFileReference; explicitFileType = wrapper.application; includeInIndex = 0; path = Grocery_App_SwiftUI.app; sourceTree = BUILT_PRODUCTS_DIR; };
		519AC8852AA4C9BA00630628 /* Grocery_App_SwiftUIApp.swift */ = {isa = PBXFileReference; lastKnownFileType = sourcecode.swift; path = Grocery_App_SwiftUIApp.swift; sourceTree = "<group>"; };
		519AC8872AA4C9BA00630628 /* ContentView.swift */ = {isa = PBXFileReference; lastKnownFileType = sourcecode.swift; path = ContentView.swift; sourceTree = "<group>"; };
		519AC8892AA4C9C100630628 /* Assets.xcassets */ = {isa = PBXFileReference; lastKnownFileType = folder.assetcatalog; path = Assets.xcassets; sourceTree = "<group>"; };
		519AC88C2AA4C9C100630628 /* Preview Assets.xcassets */ = {isa = PBXFileReference; lastKnownFileType = folder.assetcatalog; path = "Preview Assets.xcassets"; sourceTree = "<group>"; };
		519AC8962AA4CD0700630628 /* SplashScreen.swift */ = {isa = PBXFileReference; lastKnownFileType = sourcecode.swift; path = SplashScreen.swift; sourceTree = "<group>"; };
		519AC8982AA4D33B00630628 /* SplashScreenView.swift */ = {isa = PBXFileReference; lastKnownFileType = sourcecode.swift; path = SplashScreenView.swift; sourceTree = "<group>"; };
		519AC89A2AA4D35E00630628 /* SplashComponent.swift */ = {isa = PBXFileReference; lastKnownFileType = sourcecode.swift; path = SplashComponent.swift; sourceTree = "<group>"; };
		519AC89C2AA4D78000630628 /* StartButton.swift */ = {isa = PBXFileReference; lastKnownFileType = sourcecode.swift; path = StartButton.swift; sourceTree = "<group>"; };
		519CCCE42AA8FA7F002CBE09 /* ForgotPasswordScreenView.swift */ = {isa = PBXFileReference; lastKnownFileType = sourcecode.swift; path = ForgotPasswordScreenView.swift; sourceTree = "<group>"; };
		51AE80922AA85C25008C0A8F /* AuthSignupScreenView.swift */ = {isa = PBXFileReference; lastKnownFileType = sourcecode.swift; path = AuthSignupScreenView.swift; sourceTree = "<group>"; };
		51CE82272AB5E6560041E653 /* CountryCodes.swift */ = {isa = PBXFileReference; lastKnownFileType = sourcecode.swift; path = CountryCodes.swift; sourceTree = "<group>"; };
		51CE82292AB5E9CF0041E653 /* CountryCodeComponent.swift */ = {isa = PBXFileReference; lastKnownFileType = sourcecode.swift; path = CountryCodeComponent.swift; sourceTree = "<group>"; };
		51D90D4E2AB5E0F3005C145C /* VerifyNumberScreen.swift */ = {isa = PBXFileReference; lastKnownFileType = sourcecode.swift; path = VerifyNumberScreen.swift; sourceTree = "<group>"; };
		51EAD9582AA6C5B80082CAE1 /* WelcomeScreenView.swift */ = {isa = PBXFileReference; lastKnownFileType = sourcecode.swift; path = WelcomeScreenView.swift; sourceTree = "<group>"; };
		51EAD95B2AA734710082CAE1 /* Extensions.swift */ = {isa = PBXFileReference; lastKnownFileType = sourcecode.swift; path = Extensions.swift; sourceTree = "<group>"; };
		51EAD95D2AA74A900082CAE1 /* AuthLoginScreenView.swift */ = {isa = PBXFileReference; lastKnownFileType = sourcecode.swift; path = AuthLoginScreenView.swift; sourceTree = "<group>"; };
/* End PBXFileReference section */

/* Begin PBXFrameworksBuildPhase section */
		519AC87F2AA4C9BA00630628 /* Frameworks */ = {
			isa = PBXFrameworksBuildPhase;
			buildActionMask = 2147483647;
			files = (
			);
			runOnlyForDeploymentPostprocessing = 0;
		};
/* End PBXFrameworksBuildPhase section */

/* Begin PBXGroup section */
		519AC8792AA4C9BA00630628 = {
			isa = PBXGroup;
			children = (
				519AC8842AA4C9BA00630628 /* Grocery_App_SwiftUI */,
				519AC8832AA4C9BA00630628 /* Products */,
			);
			sourceTree = "<group>";
		};
		519AC8832AA4C9BA00630628 /* Products */ = {
			isa = PBXGroup;
			children = (
				519AC8822AA4C9BA00630628 /* Grocery_App_SwiftUI.app */,
			);
			name = Products;
			sourceTree = "<group>";
		};
		519AC8842AA4C9BA00630628 /* Grocery_App_SwiftUI */ = {
			isa = PBXGroup;
			children = (
				51EAD95A2AA734570082CAE1 /* Extensions */,
				519AC8952AA4CCD700630628 /* Models */,
				519AC8942AA4CA0C00630628 /* Views */,
				519AC8932AA4CA0200630628 /* Components */,
				519AC8852AA4C9BA00630628 /* Grocery_App_SwiftUIApp.swift */,
				519AC8872AA4C9BA00630628 /* ContentView.swift */,
				519AC8892AA4C9C100630628 /* Assets.xcassets */,
				519AC88B2AA4C9C100630628 /* Preview Content */,
			);
			path = Grocery_App_SwiftUI;
			sourceTree = "<group>";
		};
		519AC88B2AA4C9C100630628 /* Preview Content */ = {
			isa = PBXGroup;
			children = (
				519AC88C2AA4C9C100630628 /* Preview Assets.xcassets */,
			);
			path = "Preview Content";
			sourceTree = "<group>";
		};
		519AC8932AA4CA0200630628 /* Components */ = {
			isa = PBXGroup;
			children = (
				519AC89A2AA4D35E00630628 /* SplashComponent.swift */,
				519AC89C2AA4D78000630628 /* StartButton.swift */,
				51CE82292AB5E9CF0041E653 /* CountryCodeComponent.swift */,
			);
			path = Components;
			sourceTree = "<group>";
		};
		519AC8942AA4CA0C00630628 /* Views */ = {
			isa = PBXGroup;
			children = (
				519CCCE62AA8FB01002CBE09 /* OnboardingScreen */,
				519CCCE72AA8FB16002CBE09 /* UserAuthenticationScreen */,
			);
			path = Views;
			sourceTree = "<group>";
		};
		519AC8952AA4CCD700630628 /* Models */ = {
			isa = PBXGroup;
			children = (
				51CE82262AB5E63F0041E653 /* CountryCodes */,
				51CE82252AB5E62B0041E653 /* SplashScreenModel */,
			);
			path = Models;
			sourceTree = "<group>";
		};
		519CCCE62AA8FB01002CBE09 /* OnboardingScreen */ = {
			isa = PBXGroup;
			children = (
				519AC8982AA4D33B00630628 /* SplashScreenView.swift */,
			);
			path = OnboardingScreen;
			sourceTree = "<group>";
		};
		519CCCE72AA8FB16002CBE09 /* UserAuthenticationScreen */ = {
			isa = PBXGroup;
			children = (
				51EAD9582AA6C5B80082CAE1 /* WelcomeScreenView.swift */,
				51EAD95D2AA74A900082CAE1 /* AuthLoginScreenView.swift */,
				51AE80922AA85C25008C0A8F /* AuthSignupScreenView.swift */,
				519CCCE42AA8FA7F002CBE09 /* ForgotPasswordScreenView.swift */,
				51D90D4E2AB5E0F3005C145C /* VerifyNumberScreen.swift */,
			);
			path = UserAuthenticationScreen;
			sourceTree = "<group>";
		};
		51CE82252AB5E62B0041E653 /* SplashScreenModel */ = {
			isa = PBXGroup;
			children = (
				519AC8962AA4CD0700630628 /* SplashScreen.swift */,
			);
			path = SplashScreenModel;
			sourceTree = "<group>";
		};
		51CE82262AB5E63F0041E653 /* CountryCodes */ = {
			isa = PBXGroup;
			children = (
				51CE82272AB5E6560041E653 /* CountryCodes.swift */,
			);
			path = CountryCodes;
			sourceTree = "<group>";
		};
		51EAD95A2AA734570082CAE1 /* Extensions */ = {
			isa = PBXGroup;
			children = (
				51EAD95B2AA734710082CAE1 /* Extensions.swift */,
			);
			path = Extensions;
			sourceTree = "<group>";
		};
/* End PBXGroup section */

/* Begin PBXNativeTarget section */
		519AC8812AA4C9BA00630628 /* Grocery_App_SwiftUI */ = {
			isa = PBXNativeTarget;
			buildConfigurationList = 519AC8902AA4C9C100630628 /* Build configuration list for PBXNativeTarget "Grocery_App_SwiftUI" */;
			buildPhases = (
				519AC87E2AA4C9BA00630628 /* Sources */,
				519AC87F2AA4C9BA00630628 /* Frameworks */,
				519AC8802AA4C9BA00630628 /* Resources */,
			);
			buildRules = (
			);
			dependencies = (
			);
			name = Grocery_App_SwiftUI;
			productName = Grocery_App_SwiftUI;
			productReference = 519AC8822AA4C9BA00630628 /* Grocery_App_SwiftUI.app */;
			productType = "com.apple.product-type.application";
		};
/* End PBXNativeTarget section */

/* Begin PBXProject section */
		519AC87A2AA4C9BA00630628 /* Project object */ = {
			isa = PBXProject;
			attributes = {
				BuildIndependentTargetsInParallel = 1;
				LastSwiftUpdateCheck = 1410;
				LastUpgradeCheck = 1410;
				TargetAttributes = {
					519AC8812AA4C9BA00630628 = {
						CreatedOnToolsVersion = 14.1;
					};
				};
			};
			buildConfigurationList = 519AC87D2AA4C9BA00630628 /* Build configuration list for PBXProject "Grocery_App_SwiftUI" */;
			compatibilityVersion = "Xcode 14.0";
			developmentRegion = en;
			hasScannedForEncodings = 0;
			knownRegions = (
				en,
				Base,
			);
			mainGroup = 519AC8792AA4C9BA00630628;
			productRefGroup = 519AC8832AA4C9BA00630628 /* Products */;
			projectDirPath = "";
			projectRoot = "";
			targets = (
				519AC8812AA4C9BA00630628 /* Grocery_App_SwiftUI */,
			);
		};
/* End PBXProject section */

/* Begin PBXResourcesBuildPhase section */
		519AC8802AA4C9BA00630628 /* Resources */ = {
			isa = PBXResourcesBuildPhase;
			buildActionMask = 2147483647;
			files = (
				519AC88D2AA4C9C100630628 /* Preview Assets.xcassets in Resources */,
				519AC88A2AA4C9C100630628 /* Assets.xcassets in Resources */,
			);
			runOnlyForDeploymentPostprocessing = 0;
		};
/* End PBXResourcesBuildPhase section */

/* Begin PBXSourcesBuildPhase section */
		519AC87E2AA4C9BA00630628 /* Sources */ = {
			isa = PBXSourcesBuildPhase;
			buildActionMask = 2147483647;
			files = (
				51EAD95E2AA74A900082CAE1 /* AuthLoginScreenView.swift in Sources */,
				51EAD9592AA6C5B80082CAE1 /* WelcomeScreenView.swift in Sources */,
				51AE80932AA85C25008C0A8F /* AuthSignupScreenView.swift in Sources */,
				519AC89D2AA4D78000630628 /* StartButton.swift in Sources */,
				51CE82282AB5E6560041E653 /* CountryCodes.swift in Sources */,
				519CCCE52AA8FA7F002CBE09 /* ForgotPasswordScreenView.swift in Sources */,
				51D90D4F2AB5E0F3005C145C /* VerifyNumberScreen.swift in Sources */,
				51CE822A2AB5E9D00041E653 /* CountryCodeComponent.swift in Sources */,
				519AC89B2AA4D35F00630628 /* SplashComponent.swift in Sources */,
				51EAD95C2AA734710082CAE1 /* Extensions.swift in Sources */,
				519AC8972AA4CD0700630628 /* SplashScreen.swift in Sources */,
				519AC8882AA4C9BA00630628 /* ContentView.swift in Sources */,
				519AC8862AA4C9BA00630628 /* Grocery_App_SwiftUIApp.swift in Sources */,
				519AC8992AA4D33B00630628 /* SplashScreenView.swift in Sources */,
			);
			runOnlyForDeploymentPostprocessing = 0;
		};
/* End PBXSourcesBuildPhase section */

/* Begin XCBuildConfiguration section */
		519AC88E2AA4C9C100630628 /* Debug */ = {
			isa = XCBuildConfiguration;
			buildSettings = {
				ALWAYS_SEARCH_USER_PATHS = NO;
				CLANG_ANALYZER_NONNULL = YES;
				CLANG_ANALYZER_NUMBER_OBJECT_CONVERSION = YES_AGGRESSIVE;
				CLANG_CXX_LANGUAGE_STANDARD = "gnu++20";
				CLANG_ENABLE_MODULES = YES;
				CLANG_ENABLE_OBJC_ARC = YES;
				CLANG_ENABLE_OBJC_WEAK = YES;
				CLANG_WARN_BLOCK_CAPTURE_AUTORELEASING = YES;
				CLANG_WARN_BOOL_CONVERSION = YES;
				CLANG_WARN_COMMA = YES;
				CLANG_WARN_CONSTANT_CONVERSION = YES;
				CLANG_WARN_DEPRECATED_OBJC_IMPLEMENTATIONS = YES;
				CLANG_WARN_DIRECT_OBJC_ISA_USAGE = YES_ERROR;
				CLANG_WARN_DOCUMENTATION_COMMENTS = YES;
				CLANG_WARN_EMPTY_BODY = YES;
				CLANG_WARN_ENUM_CONVERSION = YES;
				CLANG_WARN_INFINITE_RECURSION = YES;
				CLANG_WARN_INT_CONVERSION = YES;
				CLANG_WARN_NON_LITERAL_NULL_CONVERSION = YES;
				CLANG_WARN_OBJC_IMPLICIT_RETAIN_SELF = YES;
				CLANG_WARN_OBJC_LITERAL_CONVERSION = YES;
				CLANG_WARN_OBJC_ROOT_CLASS = YES_ERROR;
				CLANG_WARN_QUOTED_INCLUDE_IN_FRAMEWORK_HEADER = YES;
				CLANG_WARN_RANGE_LOOP_ANALYSIS = YES;
				CLANG_WARN_STRICT_PROTOTYPES = YES;
				CLANG_WARN_SUSPICIOUS_MOVE = YES;
				CLANG_WARN_UNGUARDED_AVAILABILITY = YES_AGGRESSIVE;
				CLANG_WARN_UNREACHABLE_CODE = YES;
				CLANG_WARN__DUPLICATE_METHOD_MATCH = YES;
				COPY_PHASE_STRIP = NO;
				DEBUG_INFORMATION_FORMAT = dwarf;
				ENABLE_STRICT_OBJC_MSGSEND = YES;
				ENABLE_TESTABILITY = YES;
				GCC_C_LANGUAGE_STANDARD = gnu11;
				GCC_DYNAMIC_NO_PIC = NO;
				GCC_NO_COMMON_BLOCKS = YES;
				GCC_OPTIMIZATION_LEVEL = 0;
				GCC_PREPROCESSOR_DEFINITIONS = (
					"DEBUG=1",
					"$(inherited)",
				);
				GCC_WARN_64_TO_32_BIT_CONVERSION = YES;
				GCC_WARN_ABOUT_RETURN_TYPE = YES_ERROR;
				GCC_WARN_UNDECLARED_SELECTOR = YES;
				GCC_WARN_UNINITIALIZED_AUTOS = YES_AGGRESSIVE;
				GCC_WARN_UNUSED_FUNCTION = YES;
				GCC_WARN_UNUSED_VARIABLE = YES;
				IPHONEOS_DEPLOYMENT_TARGET = 16.1;
				MTL_ENABLE_DEBUG_INFO = INCLUDE_SOURCE;
				MTL_FAST_MATH = YES;
				ONLY_ACTIVE_ARCH = YES;
				SDKROOT = iphoneos;
				SWIFT_ACTIVE_COMPILATION_CONDITIONS = DEBUG;
				SWIFT_OPTIMIZATION_LEVEL = "-Onone";
			};
			name = Debug;
		};
		519AC88F2AA4C9C100630628 /* Release */ = {
			isa = XCBuildConfiguration;
			buildSettings = {
				ALWAYS_SEARCH_USER_PATHS = NO;
				CLANG_ANALYZER_NONNULL = YES;
				CLANG_ANALYZER_NUMBER_OBJECT_CONVERSION = YES_AGGRESSIVE;
				CLANG_CXX_LANGUAGE_STANDARD = "gnu++20";
				CLANG_ENABLE_MODULES = YES;
				CLANG_ENABLE_OBJC_ARC = YES;
				CLANG_ENABLE_OBJC_WEAK = YES;
				CLANG_WARN_BLOCK_CAPTURE_AUTORELEASING = YES;
				CLANG_WARN_BOOL_CONVERSION = YES;
				CLANG_WARN_COMMA = YES;
				CLANG_WARN_CONSTANT_CONVERSION = YES;
				CLANG_WARN_DEPRECATED_OBJC_IMPLEMENTATIONS = YES;
				CLANG_WARN_DIRECT_OBJC_ISA_USAGE = YES_ERROR;
				CLANG_WARN_DOCUMENTATION_COMMENTS = YES;
				CLANG_WARN_EMPTY_BODY = YES;
				CLANG_WARN_ENUM_CONVERSION = YES;
				CLANG_WARN_INFINITE_RECURSION = YES;
				CLANG_WARN_INT_CONVERSION = YES;
				CLANG_WARN_NON_LITERAL_NULL_CONVERSION = YES;
				CLANG_WARN_OBJC_IMPLICIT_RETAIN_SELF = YES;
				CLANG_WARN_OBJC_LITERAL_CONVERSION = YES;
				CLANG_WARN_OBJC_ROOT_CLASS = YES_ERROR;
				CLANG_WARN_QUOTED_INCLUDE_IN_FRAMEWORK_HEADER = YES;
				CLANG_WARN_RANGE_LOOP_ANALYSIS = YES;
				CLANG_WARN_STRICT_PROTOTYPES = YES;
				CLANG_WARN_SUSPICIOUS_MOVE = YES;
				CLANG_WARN_UNGUARDED_AVAILABILITY = YES_AGGRESSIVE;
				CLANG_WARN_UNREACHABLE_CODE = YES;
				CLANG_WARN__DUPLICATE_METHOD_MATCH = YES;
				COPY_PHASE_STRIP = NO;
				DEBUG_INFORMATION_FORMAT = "dwarf-with-dsym";
				ENABLE_NS_ASSERTIONS = NO;
				ENABLE_STRICT_OBJC_MSGSEND = YES;
				GCC_C_LANGUAGE_STANDARD = gnu11;
				GCC_NO_COMMON_BLOCKS = YES;
				GCC_WARN_64_TO_32_BIT_CONVERSION = YES;
				GCC_WARN_ABOUT_RETURN_TYPE = YES_ERROR;
				GCC_WARN_UNDECLARED_SELECTOR = YES;
				GCC_WARN_UNINITIALIZED_AUTOS = YES_AGGRESSIVE;
				GCC_WARN_UNUSED_FUNCTION = YES;
				GCC_WARN_UNUSED_VARIABLE = YES;
				IPHONEOS_DEPLOYMENT_TARGET = 16.1;
				MTL_ENABLE_DEBUG_INFO = NO;
				MTL_FAST_MATH = YES;
				SDKROOT = iphoneos;
				SWIFT_COMPILATION_MODE = wholemodule;
				SWIFT_OPTIMIZATION_LEVEL = "-O";
				VALIDATE_PRODUCT = YES;
			};
			name = Release;
		};
		519AC8912AA4C9C100630628 /* Debug */ = {
			isa = XCBuildConfiguration;
			buildSettings = {
				ASSETCATALOG_COMPILER_APPICON_NAME = AppIcon;
				ASSETCATALOG_COMPILER_GLOBAL_ACCENT_COLOR_NAME = AccentColor;
				CODE_SIGN_STYLE = Automatic;
				CURRENT_PROJECT_VERSION = 1;
				DEVELOPMENT_ASSET_PATHS = "\"Grocery_App_SwiftUI/Preview Content\"";
				DEVELOPMENT_TEAM = 8872AY4GJ3;
				ENABLE_PREVIEWS = YES;
				GENERATE_INFOPLIST_FILE = YES;
				INFOPLIST_KEY_UIApplicationSceneManifest_Generation = YES;
				INFOPLIST_KEY_UIApplicationSupportsIndirectInputEvents = YES;
				INFOPLIST_KEY_UILaunchScreen_Generation = YES;
				INFOPLIST_KEY_UISupportedInterfaceOrientations_iPad = "UIInterfaceOrientationPortrait UIInterfaceOrientationPortraitUpsideDown UIInterfaceOrientationLandscapeLeft UIInterfaceOrientationLandscapeRight";
				INFOPLIST_KEY_UISupportedInterfaceOrientations_iPhone = "UIInterfaceOrientationPortrait UIInterfaceOrientationLandscapeLeft UIInterfaceOrientationLandscapeRight";
				LD_RUNPATH_SEARCH_PATHS = (
					"$(inherited)",
					"@executable_path/Frameworks",
				);
				MARKETING_VERSION = 1.0;
				PRODUCT_BUNDLE_IDENTIFIER = "com.Digitalflake.Grocery-App-SwiftUI";
				PRODUCT_NAME = "$(TARGET_NAME)";
				SWIFT_EMIT_LOC_STRINGS = YES;
				SWIFT_VERSION = 5.0;
				TARGETED_DEVICE_FAMILY = "1,2";
			};
			name = Debug;
		};
		519AC8922AA4C9C100630628 /* Release */ = {
			isa = XCBuildConfiguration;
			buildSettings = {
				ASSETCATALOG_COMPILER_APPICON_NAME = AppIcon;
				ASSETCATALOG_COMPILER_GLOBAL_ACCENT_COLOR_NAME = AccentColor;
				CODE_SIGN_STYLE = Automatic;
				CURRENT_PROJECT_VERSION = 1;
				DEVELOPMENT_ASSET_PATHS = "\"Grocery_App_SwiftUI/Preview Content\"";
				DEVELOPMENT_TEAM = 8872AY4GJ3;
				ENABLE_PREVIEWS = YES;
				GENERATE_INFOPLIST_FILE = YES;
				INFOPLIST_KEY_UIApplicationSceneManifest_Generation = YES;
				INFOPLIST_KEY_UIApplicationSupportsIndirectInputEvents = YES;
				INFOPLIST_KEY_UILaunchScreen_Generation = YES;
				INFOPLIST_KEY_UISupportedInterfaceOrientations_iPad = "UIInterfaceOrientationPortrait UIInterfaceOrientationPortraitUpsideDown UIInterfaceOrientationLandscapeLeft UIInterfaceOrientationLandscapeRight";
				INFOPLIST_KEY_UISupportedInterfaceOrientations_iPhone = "UIInterfaceOrientationPortrait UIInterfaceOrientationLandscapeLeft UIInterfaceOrientationLandscapeRight";
				LD_RUNPATH_SEARCH_PATHS = (
					"$(inherited)",
					"@executable_path/Frameworks",
				);
				MARKETING_VERSION = 1.0;
				PRODUCT_BUNDLE_IDENTIFIER = "com.Digitalflake.Grocery-App-SwiftUI";
				PRODUCT_NAME = "$(TARGET_NAME)";
				SWIFT_EMIT_LOC_STRINGS = YES;
				SWIFT_VERSION = 5.0;
				TARGETED_DEVICE_FAMILY = "1,2";
			};
			name = Release;
		};
/* End XCBuildConfiguration section */

/* Begin XCConfigurationList section */
		519AC87D2AA4C9BA00630628 /* Build configuration list for PBXProject "Grocery_App_SwiftUI" */ = {
			isa = XCConfigurationList;
			buildConfigurations = (
				519AC88E2AA4C9C100630628 /* Debug */,
				519AC88F2AA4C9C100630628 /* Release */,
			);
			defaultConfigurationIsVisible = 0;
			defaultConfigurationName = Release;
		};
		519AC8902AA4C9C100630628 /* Build configuration list for PBXNativeTarget "Grocery_App_SwiftUI" */ = {
			isa = XCConfigurationList;
			buildConfigurations = (
				519AC8912AA4C9C100630628 /* Debug */,
				519AC8922AA4C9C100630628 /* Release */,
			);
			defaultConfigurationIsVisible = 0;
			defaultConfigurationName = Release;
		};
/* End XCConfigurationList section */
	};
	rootObject = 519AC87A2AA4C9BA00630628 /* Project object */;
}
